
Microsoft Visual Studio Solution File, Format Version 12.00
# Visual Studio Version 16
VisualStudioVersion = 16.0.30204.135
MinimumVisualStudioVersion = 10.0.40219.1
Project("{FAE04EC0-301F-11D3-BF4B-00C04F79EFBC}") = "ChangeScore", "ChangeScore\ChangeScore.csproj", "{94EA9F0A-3B69-40A1-A22C-26C32A1D308E}"
EndProject
Global
	GlobalSection(SolutionConfigurationPlatforms) = preSolution
		Debug|Any CPU = Debug|Any CPU
		Release|Any CPU = Release|Any CPU
	EndGlobalSection
	GlobalSection(ProjectConfigurationPlatforms) = postSolution
		{94EA9F0A-3B69-40A1-A22C-26C32A1D308E}.Debug|Any CPU.ActiveCfg = Debug|Any CPU
		{94EA9F0A-3B69-40A1-A22C-26C32A1D308E}.Debug|Any CPU.Build.0 = Debug|Any CPU
		{94EA9F0A-3B69-40A1-A22C-26C32A1D308E}.Release|Any CPU.ActiveCfg = Release|Any CPU
		{94EA9F0A-3B69-40A1-A22C-26C32A1D308E}.Release|Any CPU.Build.0 = Release|Any CPU
	EndGlobalSection
	GlobalSection(SolutionProperties) = preSolution
		HideSolutionNode = FALSE
	EndGlobalSection
	GlobalSection(ExtensibilityGlobals) = postSolution
		SolutionGuid = {C84B3B5A-6992-4E34-902F-1086F3CE4CB5}
	EndGlobalSection
EndGlobal
